// !$*UTF8*$!
{
	archiveVersion = 1;
	classes = {
	};
	objectVersion = 46;
	objects = {

/* Begin PBXBuildFile section */
		5B4AF0A31E94682A0023767E /* AppDelegate.swift in Sources */ = {isa = PBXBuildFile; fileRef = 5B4AF0A21E94682A0023767E /* AppDelegate.swift */; };
		5B4AF0A51E94682A0023767E /* ViewController.swift in Sources */ = {isa = PBXBuildFile; fileRef = 5B4AF0A41E94682A0023767E /* ViewController.swift */; };
		5B4AF0A81E94682A0023767E /* Main.storyboard in Resources */ = {isa = PBXBuildFile; fileRef = 5B4AF0A61E94682A0023767E /* Main.storyboard */; };
		5B4AF0AA1E94682A0023767E /* Assets.xcassets in Resources */ = {isa = PBXBuildFile; fileRef = 5B4AF0A91E94682A0023767E /* Assets.xcassets */; };
		5B4AF0AD1E94682A0023767E /* LaunchScreen.storyboard in Resources */ = {isa = PBXBuildFile; fileRef = 5B4AF0AB1E94682A0023767E /* LaunchScreen.storyboard */; };
/* End PBXBuildFile section */

/* Begin PBXFileReference section */
		5B4AF09F1E94682A0023767E /* twitterweek3.app */ = {isa = PBXFileReference; explicitFileType = wrapper.application; includeInIndex = 0; path = twitterweek3.app; sourceTree = BUILT_PRODUCTS_DIR; };
		5B4AF0A21E94682A0023767E /* AppDelegate.swift */ = {isa = PBXFileReference; lastKnownFileType = sourcecode.swift; path = AppDelegate.swift; sourceTree = "<group>"; };
		5B4AF0A41E94682A0023767E /* ViewController.swift */ = {isa = PBXFileReference; lastKnownFileType = sourcecode.swift; path = ViewController.swift; sourceTree = "<group>"; };
		5B4AF0A71E94682A0023767E /* Base */ = {isa = PBXFileReference; lastKnownFileType = file.storyboard; name = Base; path = Base.lproj/Main.storyboard; sourceTree = "<group>"; };
		5B4AF0A91E94682A0023767E /* Assets.xcassets */ = {isa = PBXFileReference; lastKnownFileType = folder.assetcatalog; path = Assets.xcassets; sourceTree = "<group>"; };
		5B4AF0AC1E94682A0023767E /* Base */ = {isa = PBXFileReference; lastKnownFileType = file.storyboard; name = Base; path = Base.lproj/LaunchScreen.storyboard; sourceTree = "<group>"; };
		5B4AF0AE1E94682A0023767E /* Info.plist */ = {isa = PBXFileReference; lastKnownFileType = text.plist.xml; path = Info.plist; sourceTree = "<group>"; };
/* End PBXFileReference section */

/* Begin PBXFrameworksBuildPhase section */
		5B4AF09C1E94682A0023767E /* Frameworks */ = {
			isa = PBXFrameworksBuildPhase;
			buildActionMask = 2147483647;
			files = (
			);
			runOnlyForDeploymentPostprocessing = 0;
		};
/* End PBXFrameworksBuildPhase section */

/* Begin PBXGroup section */
		5B4AF0961E94682A0023767E = {
			isa = PBXGroup;
			children = (
				5B4AF0A11E94682A0023767E /* twitterweek3 */,
				5B4AF0A01E94682A0023767E /* Products */,
			);
			sourceTree = "<group>";
		};
		5B4AF0A01E94682A0023767E /* Products */ = {
			isa = PBXGroup;
			children = (
				5B4AF09F1E94682A0023767E /* twitterweek3.app */,
			);
			name = Products;
			sourceTree = "<group>";
		};
		5B4AF0A11E94682A0023767E /* twitterweek3 */ = {
			isa = PBXGroup;
			children = (
				5B4AF0A21E94682A0023767E /* AppDelegate.swift */,
				5B4AF0A41E94682A0023767E /* ViewController.swift */,
				5B4AF0A61E94682A0023767E /* Main.storyboard */,
				5B4AF0A91E94682A0023767E /* Assets.xcassets */,
				5B4AF0AB1E94682A0023767E /* LaunchScreen.storyboard */,
				5B4AF0AE1E94682A0023767E /* Info.plist */,
			);
			path = twitterweek3;
			sourceTree = "<group>";
		};
/* End PBXGroup section */

/* Begin PBXNativeTarget section */
		5B4AF09E1E94682A0023767E /* twitterweek3 */ = {
			isa = PBXNativeTarget;
			buildConfigurationList = 5B4AF0B11E94682A0023767E /* Build configuration list for PBXNativeTarget "twitterweek3" */;
			buildPhases = (
				5B4AF09B1E94682A0023767E /* Sources */,
				5B4AF09C1E94682A0023767E /* Frameworks */,
				5B4AF09D1E94682A0023767E /* Resources */,
			);
			buildRules = (
			);
			dependencies = (
			);
			name = twitterweek3;
			productName = twitterweek3;
			productReference = 5B4AF09F1E94682A0023767E /* twitterweek3.app */;
			productType = "com.apple.product-type.application";
		};
/* End PBXNativeTarget section */

/* Begin PBXProject section */
		5B4AF0971E94682A0023767E /* Project object */ = {
			isa = PBXProject;
			attributes = {
				LastSwiftUpdateCheck = 0820;
				LastUpgradeCheck = 0820;
				ORGANIZATIONNAME = Codepath;
				TargetAttributes = {
					5B4AF09E1E94682A0023767E = {
						CreatedOnToolsVersion = 8.2;
						ProvisioningStyle = Automatic;
					};
				};
			};
			buildConfigurationList = 5B4AF09A1E94682A0023767E /* Build configuration list for PBXProject "twitterweek3" */;
			compatibilityVersion = "Xcode 3.2";
			developmentRegion = English;
			hasScannedForEncodings = 0;
			knownRegions = (
				en,
				Base,
			);
			mainGroup = 5B4AF0961E94682A0023767E;
			productRefGroup = 5B4AF0A01E94682A0023767E /* Products */;
			projectDirPath = "";
			projectRoot = "";
			targets = (
				5B4AF09E1E94682A0023767E /* twitterweek3 */,
			);
		};
/* End PBXProject section */

/* Begin PBXResourcesBuildPhase section */
		5B4AF09D1E94682A0023767E /* Resources */ = {
			isa = PBXResourcesBuildPhase;
			buildActionMask = 2147483647;
			files = (
				5B4AF0AD1E94682A0023767E /* LaunchScreen.storyboard in Resources */,
				5B4AF0AA1E94682A0023767E /* Assets.xcassets in Resources */,
				5B4AF0A81E94682A0023767E /* Main.storyboard in Resources */,
			);
			runOnlyForDeploymentPostprocessing = 0;
		};
/* End PBXResourcesBuildPhase section */

/* Begin PBXSourcesBuildPhase section */
		5B4AF09B1E94682A0023767E /* Sources */ = {
			isa = PBXSourcesBuildPhase;
			buildActionMask = 2147483647;
			files = (
				5B4AF0A51E94682A0023767E /* ViewController.swift in Sources */,
				5B4AF0A31E94682A0023767E /* AppDelegate.swift in Sources */,
			);
			runOnlyForDeploymentPostprocessing = 0;
		};
/* End PBXSourcesBuildPhase section */

/* Begin PBXVariantGroup section */
		5B4AF0A61E94682A0023767E /* Main.storyboard */ = {
			isa = PBXVariantGroup;
			children = (
				5B4AF0A71E94682A0023767E /* Base */,
			);
			name = Main.storyboard;
			sourceTree = "<group>";
		};
		5B4AF0AB1E94682A0023767E /* LaunchScreen.storyboard */ = {
			isa = PBXVariantGroup;
			children = (
				5B4AF0AC1E94682A0023767E /* Base */,
			);
			name = LaunchScreen.storyboard;
			sourceTree = "<group>";
		};
/* End PBXVariantGroup section */

/* Begin XCBuildConfiguration section */
		5B4AF0AF1E94682A0023767E /* Debug */ = {
			isa = XCBuildConfiguration;
			buildSettings = {
				ALWAYS_SEARCH_USER_PATHS = NO;
				CLANG_ANALYZER_NONNULL = YES;
				CLANG_CXX_LANGUAGE_STANDARD = "gnu++0x";
				CLANG_CXX_LIBRARY = "libc++";
				CLANG_ENABLE_MODULES = YES;
				CLANG_ENABLE_OBJC_ARC = YES;
				CLANG_WARN_BOOL_CONVERSION = YES;
				CLANG_WARN_CONSTANT_CONVERSION = YES;
				CLANG_WARN_DIRECT_OBJC_ISA_USAGE = YES_ERROR;
				CLANG_WARN_DOCUMENTATION_COMMENTS = YES;
				CLANG_WARN_EMPTY_BODY = YES;
				CLANG_WARN_ENUM_CONVERSION = YES;
				CLANG_WARN_INFINITE_RECURSION = YES;
				CLANG_WARN_INT_CONVERSION = YES;
				CLANG_WARN_OBJC_ROOT_CLASS = YES_ERROR;
				CLANG_WARN_SUSPICIOUS_MOVE = YES;
				CLANG_WARN_UNREACHABLE_CODE = YES;
				CLANG_WARN__DUPLICATE_METHOD_MATCH = YES;
				"CODE_SIGN_IDENTITY[sdk=iphoneos*]" = "iPhone Developer";
				COPY_PHASE_STRIP = NO;
				DEBUG_INFORMATION_FORMAT = dwarf;
				ENABLE_STRICT_OBJC_MSGSEND = YES;
				ENABLE_TESTABILITY = YES;
				GCC_C_LANGUAGE_STANDARD = gnu99;
				GCC_DYNAMIC_NO_PIC = NO;
				GCC_NO_COMMON_BLOCKS = YES;
				GCC_OPTIMIZATION_LEVEL = 0;
				GCC_PREPROCESSOR_DEFINITIONS = (
					"DEBUG=1",
					"$(inherited)",
				);
				GCC_WARN_64_TO_32_BIT_CONVERSION = YES;
				GCC_WARN_ABOUT_RETURN_TYPE = YES_ERROR;
				GCC_WARN_UNDECLARED_SELECTOR = YES;
				GCC_WARN_UNINITIALIZED_AUTOS = YES_AGGRESSIVE;
				GCC_WARN_UNUSED_FUNCTION = YES;
				GCC_WARN_UNUSED_VARIABLE = YES;
				IPHONEOS_DEPLOYMENT_TARGET = 10.2;
				MTL_ENABLE_DEBUG_INFO = YES;
				ONLY_ACTIVE_ARCH = YES;
				SDKROOT = iphoneos;
				SWIFT_ACTIVE_COMPILATION_CONDITIONS = DEBUG;
				SWIFT_OPTIMIZATION_LEVEL = "-Onone";
				TARGETED_DEVICE_FAMILY = "1,2";
			};
			name = Debug;
		};
		5B4AF0B01E94682A0023767E /* Release */ = {
			isa = XCBuildConfiguration;
			buildSettings = {
				ALWAYS_SEARCH_USER_PATHS = NO;
				CLANG_ANALYZER_NONNULL = YES;
				CLANG_CXX_LANGUAGE_STANDARD = "gnu++0x";
				CLANG_CXX_LIBRARY = "libc++";
				CLANG_ENABLE_MODULES = YES;
				CLANG_ENABLE_OBJC_ARC = YES;
				CLANG_WARN_BOOL_CONVERSION = YES;
				CLANG_WARN_CONSTANT_CONVERSION = YES;
				CLANG_WARN_DIRECT_OBJC_ISA_USAGE = YES_ERROR;
				CLANG_WARN_DOCUMENTATION_COMMENTS = YES;
				CLANG_WARN_EMPTY_BODY = YES;
				CLANG_WARN_ENUM_CONVERSION = YES;
				CLANG_WARN_INFINITE_RECURSION = YES;
				CLANG_WARN_INT_CONVERSION = YES;
				CLANG_WARN_OBJC_ROOT_CLASS = YES_ERROR;
				CLANG_WARN_SUSPICIOUS_MOVE = YES;
				CLANG_WARN_UNREACHABLE_CODE = YES;
				CLANG_WARN__DUPLICATE_METHOD_MATCH = YES;
				"CODE_SIGN_IDENTITY[sdk=iphoneos*]" = "iPhone Developer";
				COPY_PHASE_STRIP = NO;
				DEBUG_INFORMATION_FORMAT = "dwarf-with-dsym";
				ENABLE_NS_ASSERTIONS = NO;
				ENABLE_STRICT_OBJC_MSGSEND = YES;
				GCC_C_LANGUAGE_STANDARD = gnu99;
				GCC_NO_COMMON_BLOCKS = YES;
				GCC_WARN_64_TO_32_BIT_CONVERSION = YES;
				GCC_WARN_ABOUT_RETURN_TYPE = YES_ERROR;
				GCC_WARN_UNDECLARED_SELECTOR = YES;
				GCC_WARN_UNINITIALIZED_AUTOS = YES_AGGRESSIVE;
				GCC_WARN_UNUSED_FUNCTION = YES;
				GCC_WARN_UNUSED_VARIABLE = YES;
				IPHONEOS_DEPLOYMENT_TARGET = 10.2;
				MTL_ENABLE_DEBUG_INFO = NO;
				SDKROOT = iphoneos;
				SWIFT_OPTIMIZATION_LEVEL = "-Owholemodule";
				TARGETED_DEVICE_FAMILY = "1,2";
				VALIDATE_PRODUCT = YES;
			};
			name = Release;
		};
		5B4AF0B21E94682A0023767E /* Debug */ = {
			isa = XCBuildConfiguration;
			buildSettings = {
				ASSETCATALOG_COMPILER_APPICON_NAME = AppIcon;
				INFOPLIST_FILE = twitterweek3/Info.plist;
				LD_RUNPATH_SEARCH_PATHS = "$(inherited) @executable_path/Frameworks";
				PRODUCT_BUNDLE_IDENTIFIER = "com-codepath.twitterweek3";
				PRODUCT_NAME = "$(TARGET_NAME)";
				SWIFT_VERSION = 3.0;
			};
			name = Debug;
		};
		5B4AF0B31E94682A0023767E /* Release */ = {
			isa = XCBuildConfiguration;
			buildSettings = {
				ASSETCATALOG_COMPILER_APPICON_NAME = AppIcon;
				INFOPLIST_FILE = twitterweek3/Info.plist;
				LD_RUNPATH_SEARCH_PATHS = "$(inherited) @executable_path/Frameworks";
				PRODUCT_BUNDLE_IDENTIFIER = "com-codepath.twitterweek3";
				PRODUCT_NAME = "$(TARGET_NAME)";
				SWIFT_VERSION = 3.0;
			};
			name = Release;
		};
/* End XCBuildConfiguration section */

/* Begin XCConfigurationList section */
		5B4AF09A1E94682A0023767E /* Build configuration list for PBXProject "twitterweek3" */ = {
			isa = XCConfigurationList;
			buildConfigurations = (
				5B4AF0AF1E94682A0023767E /* Debug */,
				5B4AF0B01E94682A0023767E /* Release */,
			);
			defaultConfigurationIsVisible = 0;
			defaultConfigurationName = Release;
		};
		5B4AF0B11E94682A0023767E /* Build configuration list for PBXNativeTarget "twitterweek3" */ = {
			isa = XCConfigurationList;
			buildConfigurations = (
				5B4AF0B21E94682A0023767E /* Debug */,
				5B4AF0B31E94682A0023767E /* Release */,
			);
			defaultConfigurationIsVisible = 0;
		};
/* End XCConfigurationList section */
	};
	rootObject = 5B4AF0971E94682A0023767E /* Project object */;
}
